
Microsoft Visual Studio Solution File, Format Version 12.00
# Visual Studio 15
VisualStudioVersion = 15.0.28307.168
MinimumVisualStudioVersion = 10.0.40219.1
Project("{FAE04EC0-301F-11D3-BF4B-00C04F79EFBC}") = "c0730244", "c0730244\c0730244.csproj", "{14721550-A18B-4A47-A7E9-7C7E901D7740}"
EndProject
Global
	GlobalSection(SolutionConfigurationPlatforms) = preSolution
		Debug|Any CPU = Debug|Any CPU
		Release|Any CPU = Release|Any CPU
	EndGlobalSection
	GlobalSection(ProjectConfigurationPlatforms) = postSolution
		{14721550-A18B-4A47-A7E9-7C7E901D7740}.Debug|Any CPU.ActiveCfg = Debug|Any CPU
		{14721550-A18B-4A47-A7E9-7C7E901D7740}.Debug|Any CPU.Build.0 = Debug|Any CPU
		{14721550-A18B-4A47-A7E9-7C7E901D7740}.Release|Any CPU.ActiveCfg = Release|Any CPU
		{14721550-A18B-4A47-A7E9-7C7E901D7740}.Release|Any CPU.Build.0 = Release|Any CPU
	EndGlobalSection
	GlobalSection(SolutionProperties) = preSolution
		HideSolutionNode = FALSE
	EndGlobalSection
	GlobalSection(ExtensibilityGlobals) = postSolution
		SolutionGuid = {CE556F64-664C-428C-950B-927DAC33E613}
	EndGlobalSection
EndGlobal
